
Microsoft Visual Studio Solution File, Format Version 12.00
# Visual Studio Version 16
VisualStudioVersion = 16.0.30320.27
MinimumVisualStudioVersion = 10.0.40219.1
Project("{FAE04EC0-301F-11D3-BF4B-00C04F79EFBC}") = "Lazulisoft.AspnetMvcBetterOrganization.Web", "src\Lazulisoft.AspnetMvcBetterOrganization.Web\Lazulisoft.AspnetMvcBetterOrganization.Web.csproj", "{51D7A832-8411-4DD8-B1CC-5959C2AB4AD1}"
EndProject
Project("{2150E333-8FDC-42A3-9474-1A3956D46DE8}") = "src", "src", "{73411AE5-9EB2-4091-AD27-DD18760E5E53}"
EndProject
Project("{2150E333-8FDC-42A3-9474-1A3956D46DE8}") = "Solution Items", "Solution Items", "{38772483-729A-4389-846F-B7EA69A5432B}"
	ProjectSection(SolutionItems) = preProject
		.gitattributes = .gitattributes
		.gitignore = .gitignore
		README.md = README.md
	EndProjectSection
EndProject
Global
	GlobalSection(SolutionConfigurationPlatforms) = preSolution
		Debug|Any CPU = Debug|Any CPU
		Release|Any CPU = Release|Any CPU
	EndGlobalSection
	GlobalSection(ProjectConfigurationPlatforms) = postSolution
		{51D7A832-8411-4DD8-B1CC-5959C2AB4AD1}.Debug|Any CPU.ActiveCfg = Debug|Any CPU
		{51D7A832-8411-4DD8-B1CC-5959C2AB4AD1}.Debug|Any CPU.Build.0 = Debug|Any CPU
		{51D7A832-8411-4DD8-B1CC-5959C2AB4AD1}.Release|Any CPU.ActiveCfg = Release|Any CPU
		{51D7A832-8411-4DD8-B1CC-5959C2AB4AD1}.Release|Any CPU.Build.0 = Release|Any CPU
	EndGlobalSection
	GlobalSection(SolutionProperties) = preSolution
		HideSolutionNode = FALSE
	EndGlobalSection
	GlobalSection(NestedProjects) = preSolution
		{51D7A832-8411-4DD8-B1CC-5959C2AB4AD1} = {73411AE5-9EB2-4091-AD27-DD18760E5E53}
	EndGlobalSection
	GlobalSection(ExtensibilityGlobals) = postSolution
		SolutionGuid = {3DC9D481-7010-4700-B2AA-87AD36E6F0FF}
	EndGlobalSection
EndGlobal
